
Microsoft Visual Studio Solution File, Format Version 12.00
# Visual Studio Version 17
VisualStudioVersion = 17.3.32929.385
MinimumVisualStudioVersion = 10.0.40219.1
Project("{FAE04EC0-301F-11D3-BF4B-00C04F79EFBC}") = "QLLH@", "QLLH@.csproj", "{B29C8D53-74D7-4BCB-BDA6-704568F37F3B}"
EndProject
Global
	GlobalSection(SolutionConfigurationPlatforms) = preSolution
		Debug|Any CPU = Debug|Any CPU
		Release|Any CPU = Release|Any CPU
	EndGlobalSection
	GlobalSection(ProjectConfigurationPlatforms) = postSolution
		{B29C8D53-74D7-4BCB-BDA6-704568F37F3B}.Debug|Any CPU.ActiveCfg = Debug|Any CPU
		{B29C8D53-74D7-4BCB-BDA6-704568F37F3B}.Debug|Any CPU.Build.0 = Debug|Any CPU
		{B29C8D53-74D7-4BCB-BDA6-704568F37F3B}.Release|Any CPU.ActiveCfg = Release|Any CPU
		{B29C8D53-74D7-4BCB-BDA6-704568F37F3B}.Release|Any CPU.Build.0 = Release|Any CPU
	EndGlobalSection
	GlobalSection(SolutionProperties) = preSolution
		HideSolutionNode = FALSE
	EndGlobalSection
	GlobalSection(ExtensibilityGlobals) = postSolution
		SolutionGuid = {56028D11-B51F-4C62-B131-DD686947E062}
	EndGlobalSection
EndGlobal
